// !$*UTF8*$!
{
	archiveVersion = 1;
	classes = {
	};
	objectVersion = 46;
	objects = {

/* Begin PBXBuildFile section */
		ACBDC1D91DFF5A6D00D2C9F8 /* AppDelegate.swift in Sources */ = {isa = PBXBuildFile; fileRef = ACBDC1D81DFF5A6D00D2C9F8 /* AppDelegate.swift */; };
		ACBDC1DB1DFF5A6D00D2C9F8 /* ViewController.swift in Sources */ = {isa = PBXBuildFile; fileRef = ACBDC1DA1DFF5A6D00D2C9F8 /* ViewController.swift */; };
		ACBDC1DE1DFF5A6D00D2C9F8 /* Main.storyboard in Resources */ = {isa = PBXBuildFile; fileRef = ACBDC1DC1DFF5A6D00D2C9F8 /* Main.storyboard */; };
		ACBDC1E01DFF5A6D00D2C9F8 /* Assets.xcassets in Resources */ = {isa = PBXBuildFile; fileRef = ACBDC1DF1DFF5A6D00D2C9F8 /* Assets.xcassets */; };
		ACBDC1E31DFF5A6D00D2C9F8 /* LaunchScreen.storyboard in Resources */ = {isa = PBXBuildFile; fileRef = ACBDC1E11DFF5A6D00D2C9F8 /* LaunchScreen.storyboard */; };
		ACBDC1EE1DFF5A6D00D2C9F8 /* PuzzleImplementatiomnTests.swift in Sources */ = {isa = PBXBuildFile; fileRef = ACBDC1ED1DFF5A6D00D2C9F8 /* PuzzleImplementatiomnTests.swift */; };
		ACBDC1F91DFF5A6D00D2C9F8 /* PuzzleImplementatiomnUITests.swift in Sources */ = {isa = PBXBuildFile; fileRef = ACBDC1F81DFF5A6D00D2C9F8 /* PuzzleImplementatiomnUITests.swift */; };
/* End PBXBuildFile section */

/* Begin PBXContainerItemProxy section */
		ACBDC1EA1DFF5A6D00D2C9F8 /* PBXContainerItemProxy */ = {
			isa = PBXContainerItemProxy;
			containerPortal = ACBDC1CD1DFF5A6D00D2C9F8 /* Project object */;
			proxyType = 1;
			remoteGlobalIDString = ACBDC1D41DFF5A6D00D2C9F8;
			remoteInfo = PuzzleImplementatiomn;
		};
		ACBDC1F51DFF5A6D00D2C9F8 /* PBXContainerItemProxy */ = {
			isa = PBXContainerItemProxy;
			containerPortal = ACBDC1CD1DFF5A6D00D2C9F8 /* Project object */;
			proxyType = 1;
			remoteGlobalIDString = ACBDC1D41DFF5A6D00D2C9F8;
			remoteInfo = PuzzleImplementatiomn;
		};
/* End PBXContainerItemProxy section */

/* Begin PBXFileReference section */
		ACBDC1D51DFF5A6D00D2C9F8 /* PuzzleImplementatiomn.app */ = {isa = PBXFileReference; explicitFileType = wrapper.application; includeInIndex = 0; path = PuzzleImplementatiomn.app; sourceTree = BUILT_PRODUCTS_DIR; };
		ACBDC1D81DFF5A6D00D2C9F8 /* AppDelegate.swift */ = {isa = PBXFileReference; lastKnownFileType = sourcecode.swift; path = AppDelegate.swift; sourceTree = "<group>"; };
		ACBDC1DA1DFF5A6D00D2C9F8 /* ViewController.swift */ = {isa = PBXFileReference; lastKnownFileType = sourcecode.swift; path = ViewController.swift; sourceTree = "<group>"; };
		ACBDC1DD1DFF5A6D00D2C9F8 /* Base */ = {isa = PBXFileReference; lastKnownFileType = file.storyboard; name = Base; path = Base.lproj/Main.storyboard; sourceTree = "<group>"; };
		ACBDC1DF1DFF5A6D00D2C9F8 /* Assets.xcassets */ = {isa = PBXFileReference; lastKnownFileType = folder.assetcatalog; path = Assets.xcassets; sourceTree = "<group>"; };
		ACBDC1E21DFF5A6D00D2C9F8 /* Base */ = {isa = PBXFileReference; lastKnownFileType = file.storyboard; name = Base; path = Base.lproj/LaunchScreen.storyboard; sourceTree = "<group>"; };
		ACBDC1E41DFF5A6D00D2C9F8 /* Info.plist */ = {isa = PBXFileReference; lastKnownFileType = text.plist.xml; path = Info.plist; sourceTree = "<group>"; };
		ACBDC1E91DFF5A6D00D2C9F8 /* PuzzleImplementatiomnTests.xctest */ = {isa = PBXFileReference; explicitFileType = wrapper.cfbundle; includeInIndex = 0; path = PuzzleImplementatiomnTests.xctest; sourceTree = BUILT_PRODUCTS_DIR; };
		ACBDC1ED1DFF5A6D00D2C9F8 /* PuzzleImplementatiomnTests.swift */ = {isa = PBXFileReference; lastKnownFileType = sourcecode.swift; path = PuzzleImplementatiomnTests.swift; sourceTree = "<group>"; };
		ACBDC1EF1DFF5A6D00D2C9F8 /* Info.plist */ = {isa = PBXFileReference; lastKnownFileType = text.plist.xml; path = Info.plist; sourceTree = "<group>"; };
		ACBDC1F41DFF5A6D00D2C9F8 /* PuzzleImplementatiomnUITests.xctest */ = {isa = PBXFileReference; explicitFileType = wrapper.cfbundle; includeInIndex = 0; path = PuzzleImplementatiomnUITests.xctest; sourceTree = BUILT_PRODUCTS_DIR; };
		ACBDC1F81DFF5A6D00D2C9F8 /* PuzzleImplementatiomnUITests.swift */ = {isa = PBXFileReference; lastKnownFileType = sourcecode.swift; path = PuzzleImplementatiomnUITests.swift; sourceTree = "<group>"; };
		ACBDC1FA1DFF5A6D00D2C9F8 /* Info.plist */ = {isa = PBXFileReference; lastKnownFileType = text.plist.xml; path = Info.plist; sourceTree = "<group>"; };
/* End PBXFileReference section */

/* Begin PBXFrameworksBuildPhase section */
		ACBDC1D21DFF5A6D00D2C9F8 /* Frameworks */ = {
			isa = PBXFrameworksBuildPhase;
			buildActionMask = 2147483647;
			files = (
			);
			runOnlyForDeploymentPostprocessing = 0;
		};
		ACBDC1E61DFF5A6D00D2C9F8 /* Frameworks */ = {
			isa = PBXFrameworksBuildPhase;
			buildActionMask = 2147483647;
			files = (
			);
			runOnlyForDeploymentPostprocessing = 0;
		};
		ACBDC1F11DFF5A6D00D2C9F8 /* Frameworks */ = {
			isa = PBXFrameworksBuildPhase;
			buildActionMask = 2147483647;
			files = (
			);
			runOnlyForDeploymentPostprocessing = 0;
		};
/* End PBXFrameworksBuildPhase section */

/* Begin PBXGroup section */
		ACBDC1CC1DFF5A6C00D2C9F8 = {
			isa = PBXGroup;
			children = (
				ACBDC1D71DFF5A6D00D2C9F8 /* PuzzleImplementatiomn */,
				ACBDC1EC1DFF5A6D00D2C9F8 /* PuzzleImplementatiomnTests */,
				ACBDC1F71DFF5A6D00D2C9F8 /* PuzzleImplementatiomnUITests */,
				ACBDC1D61DFF5A6D00D2C9F8 /* Products */,
			);
			sourceTree = "<group>";
		};
		ACBDC1D61DFF5A6D00D2C9F8 /* Products */ = {
			isa = PBXGroup;
			children = (
				ACBDC1D51DFF5A6D00D2C9F8 /* PuzzleImplementatiomn.app */,
				ACBDC1E91DFF5A6D00D2C9F8 /* PuzzleImplementatiomnTests.xctest */,
				ACBDC1F41DFF5A6D00D2C9F8 /* PuzzleImplementatiomnUITests.xctest */,
			);
			name = Products;
			sourceTree = "<group>";
		};
		ACBDC1D71DFF5A6D00D2C9F8 /* PuzzleImplementatiomn */ = {
			isa = PBXGroup;
			children = (
				ACBDC1D81DFF5A6D00D2C9F8 /* AppDelegate.swift */,
				ACBDC1DA1DFF5A6D00D2C9F8 /* ViewController.swift */,
				ACBDC1DC1DFF5A6D00D2C9F8 /* Main.storyboard */,
				ACBDC1DF1DFF5A6D00D2C9F8 /* Assets.xcassets */,
				ACBDC1E11DFF5A6D00D2C9F8 /* LaunchScreen.storyboard */,
				ACBDC1E41DFF5A6D00D2C9F8 /* Info.plist */,
			);
			path = PuzzleImplementatiomn;
			sourceTree = "<group>";
		};
		ACBDC1EC1DFF5A6D00D2C9F8 /* PuzzleImplementatiomnTests */ = {
			isa = PBXGroup;
			children = (
				ACBDC1ED1DFF5A6D00D2C9F8 /* PuzzleImplementatiomnTests.swift */,
				ACBDC1EF1DFF5A6D00D2C9F8 /* Info.plist */,
			);
			path = PuzzleImplementatiomnTests;
			sourceTree = "<group>";
		};
		ACBDC1F71DFF5A6D00D2C9F8 /* PuzzleImplementatiomnUITests */ = {
			isa = PBXGroup;
			children = (
				ACBDC1F81DFF5A6D00D2C9F8 /* PuzzleImplementatiomnUITests.swift */,
				ACBDC1FA1DFF5A6D00D2C9F8 /* Info.plist */,
			);
			path = PuzzleImplementatiomnUITests;
			sourceTree = "<group>";
		};
/* End PBXGroup section */

/* Begin PBXNativeTarget section */
		ACBDC1D41DFF5A6D00D2C9F8 /* PuzzleImplementatiomn */ = {
			isa = PBXNativeTarget;
			buildConfigurationList = ACBDC1FD1DFF5A6D00D2C9F8 /* Build configuration list for PBXNativeTarget "PuzzleImplementatiomn" */;
			buildPhases = (
				ACBDC1D11DFF5A6D00D2C9F8 /* Sources */,
				ACBDC1D21DFF5A6D00D2C9F8 /* Frameworks */,
				ACBDC1D31DFF5A6D00D2C9F8 /* Resources */,
			);
			buildRules = (
			);
			dependencies = (
			);
			name = PuzzleImplementatiomn;
			productName = PuzzleImplementatiomn;
			productReference = ACBDC1D51DFF5A6D00D2C9F8 /* PuzzleImplementatiomn.app */;
			productType = "com.apple.product-type.application";
		};
		ACBDC1E81DFF5A6D00D2C9F8 /* PuzzleImplementatiomnTests */ = {
			isa = PBXNativeTarget;
			buildConfigurationList = ACBDC2001DFF5A6D00D2C9F8 /* Build configuration list for PBXNativeTarget "PuzzleImplementatiomnTests" */;
			buildPhases = (
				ACBDC1E51DFF5A6D00D2C9F8 /* Sources */,
				ACBDC1E61DFF5A6D00D2C9F8 /* Frameworks */,
				ACBDC1E71DFF5A6D00D2C9F8 /* Resources */,
			);
			buildRules = (
			);
			dependencies = (
				ACBDC1EB1DFF5A6D00D2C9F8 /* PBXTargetDependency */,
			);
			name = PuzzleImplementatiomnTests;
			productName = PuzzleImplementatiomnTests;
			productReference = ACBDC1E91DFF5A6D00D2C9F8 /* PuzzleImplementatiomnTests.xctest */;
			productType = "com.apple.product-type.bundle.unit-test";
		};
		ACBDC1F31DFF5A6D00D2C9F8 /* PuzzleImplementatiomnUITests */ = {
			isa = PBXNativeTarget;
			buildConfigurationList = ACBDC2031DFF5A6D00D2C9F8 /* Build configuration list for PBXNativeTarget "PuzzleImplementatiomnUITests" */;
			buildPhases = (
				ACBDC1F01DFF5A6D00D2C9F8 /* Sources */,
				ACBDC1F11DFF5A6D00D2C9F8 /* Frameworks */,
				ACBDC1F21DFF5A6D00D2C9F8 /* Resources */,
			);
			buildRules = (
			);
			dependencies = (
				ACBDC1F61DFF5A6D00D2C9F8 /* PBXTargetDependency */,
			);
			name = PuzzleImplementatiomnUITests;
			productName = PuzzleImplementatiomnUITests;
			productReference = ACBDC1F41DFF5A6D00D2C9F8 /* PuzzleImplementatiomnUITests.xctest */;
			productType = "com.apple.product-type.bundle.ui-testing";
		};
/* End PBXNativeTarget section */

/* Begin PBXProject section */
		ACBDC1CD1DFF5A6D00D2C9F8 /* Project object */ = {
			isa = PBXProject;
			attributes = {
				LastSwiftUpdateCheck = 0800;
				LastUpgradeCheck = 0800;
				ORGANIZATIONNAME = "Mounika Eluri";
				TargetAttributes = {
					ACBDC1D41DFF5A6D00D2C9F8 = {
						CreatedOnToolsVersion = 8.0;
						ProvisioningStyle = Automatic;
					};
					ACBDC1E81DFF5A6D00D2C9F8 = {
						CreatedOnToolsVersion = 8.0;
						ProvisioningStyle = Automatic;
						TestTargetID = ACBDC1D41DFF5A6D00D2C9F8;
					};
					ACBDC1F31DFF5A6D00D2C9F8 = {
						CreatedOnToolsVersion = 8.0;
						ProvisioningStyle = Automatic;
						TestTargetID = ACBDC1D41DFF5A6D00D2C9F8;
					};
				};
			};
			buildConfigurationList = ACBDC1D01DFF5A6D00D2C9F8 /* Build configuration list for PBXProject "PuzzleImplementatiomn" */;
			compatibilityVersion = "Xcode 3.2";
			developmentRegion = English;
			hasScannedForEncodings = 0;
			knownRegions = (
				en,
				Base,
			);
			mainGroup = ACBDC1CC1DFF5A6C00D2C9F8;
			productRefGroup = ACBDC1D61DFF5A6D00D2C9F8 /* Products */;
			projectDirPath = "";
			projectRoot = "";
			targets = (
				ACBDC1D41DFF5A6D00D2C9F8 /* PuzzleImplementatiomn */,
				ACBDC1E81DFF5A6D00D2C9F8 /* PuzzleImplementatiomnTests */,
				ACBDC1F31DFF5A6D00D2C9F8 /* PuzzleImplementatiomnUITests */,
			);
		};
/* End PBXProject section */

/* Begin PBXResourcesBuildPhase section */
		ACBDC1D31DFF5A6D00D2C9F8 /* Resources */ = {
			isa = PBXResourcesBuildPhase;
			buildActionMask = 2147483647;
			files = (
				ACBDC1E31DFF5A6D00D2C9F8 /* LaunchScreen.storyboard in Resources */,
				ACBDC1E01DFF5A6D00D2C9F8 /* Assets.xcassets in Resources */,
				ACBDC1DE1DFF5A6D00D2C9F8 /* Main.storyboard in Resources */,
			);
			runOnlyForDeploymentPostprocessing = 0;
		};
		ACBDC1E71DFF5A6D00D2C9F8 /* Resources */ = {
			isa = PBXResourcesBuildPhase;
			buildActionMask = 2147483647;
			files = (
			);
			runOnlyForDeploymentPostprocessing = 0;
		};
		ACBDC1F21DFF5A6D00D2C9F8 /* Resources */ = {
			isa = PBXResourcesBuildPhase;
			buildActionMask = 2147483647;
			files = (
			);
			runOnlyForDeploymentPostprocessing = 0;
		};
/* End PBXResourcesBuildPhase section */

/* Begin PBXSourcesBuildPhase section */
		ACBDC1D11DFF5A6D00D2C9F8 /* Sources */ = {
			isa = PBXSourcesBuildPhase;
			buildActionMask = 2147483647;
			files = (
				ACBDC1DB1DFF5A6D00D2C9F8 /* ViewController.swift in Sources */,
				ACBDC1D91DFF5A6D00D2C9F8 /* AppDelegate.swift in Sources */,
			);
			runOnlyForDeploymentPostprocessing = 0;
		};
		ACBDC1E51DFF5A6D00D2C9F8 /* Sources */ = {
			isa = PBXSourcesBuildPhase;
			buildActionMask = 2147483647;
			files = (
				ACBDC1EE1DFF5A6D00D2C9F8 /* PuzzleImplementatiomnTests.swift in Sources */,
			);
			runOnlyForDeploymentPostprocessing = 0;
		};
		ACBDC1F01DFF5A6D00D2C9F8 /* Sources */ = {
			isa = PBXSourcesBuildPhase;
			buildActionMask = 2147483647;
			files = (
				ACBDC1F91DFF5A6D00D2C9F8 /* PuzzleImplementatiomnUITests.swift in Sources */,
			);
			runOnlyForDeploymentPostprocessing = 0;
		};
/* End PBXSourcesBuildPhase section */

/* Begin PBXTargetDependency section */
		ACBDC1EB1DFF5A6D00D2C9F8 /* PBXTargetDependency */ = {
			isa = PBXTargetDependency;
			target = ACBDC1D41DFF5A6D00D2C9F8 /* PuzzleImplementatiomn */;
			targetProxy = ACBDC1EA1DFF5A6D00D2C9F8 /* PBXContainerItemProxy */;
		};
		ACBDC1F61DFF5A6D00D2C9F8 /* PBXTargetDependency */ = {
			isa = PBXTargetDependency;
			target = ACBDC1D41DFF5A6D00D2C9F8 /* PuzzleImplementatiomn */;
			targetProxy = ACBDC1F51DFF5A6D00D2C9F8 /* PBXContainerItemProxy */;
		};
/* End PBXTargetDependency section */

/* Begin PBXVariantGroup section */
		ACBDC1DC1DFF5A6D00D2C9F8 /* Main.storyboard */ = {
			isa = PBXVariantGroup;
			children = (
				ACBDC1DD1DFF5A6D00D2C9F8 /* Base */,
			);
			name = Main.storyboard;
			sourceTree = "<group>";
		};
		ACBDC1E11DFF5A6D00D2C9F8 /* LaunchScreen.storyboard */ = {
			isa = PBXVariantGroup;
			children = (
				ACBDC1E21DFF5A6D00D2C9F8 /* Base */,
			);
			name = LaunchScreen.storyboard;
			sourceTree = "<group>";
		};
/* End PBXVariantGroup section */

/* Begin XCBuildConfiguration section */
		ACBDC1FB1DFF5A6D00D2C9F8 /* Debug */ = {
			isa = XCBuildConfiguration;
			buildSettings = {
				ALWAYS_SEARCH_USER_PATHS = NO;
				CLANG_ANALYZER_NONNULL = YES;
				CLANG_CXX_LANGUAGE_STANDARD = "gnu++0x";
				CLANG_CXX_LIBRARY = "libc++";
				CLANG_ENABLE_MODULES = YES;
				CLANG_ENABLE_OBJC_ARC = YES;
				CLANG_WARN_BOOL_CONVERSION = YES;
				CLANG_WARN_CONSTANT_CONVERSION = YES;
				CLANG_WARN_DIRECT_OBJC_ISA_USAGE = YES_ERROR;
				CLANG_WARN_DOCUMENTATION_COMMENTS = YES;
				CLANG_WARN_EMPTY_BODY = YES;
				CLANG_WARN_ENUM_CONVERSION = YES;
				CLANG_WARN_INFINITE_RECURSION = YES;
				CLANG_WARN_INT_CONVERSION = YES;
				CLANG_WARN_OBJC_ROOT_CLASS = YES_ERROR;
				CLANG_WARN_SUSPICIOUS_MOVES = YES;
				CLANG_WARN_UNREACHABLE_CODE = YES;
				CLANG_WARN__DUPLICATE_METHOD_MATCH = YES;
				"CODE_SIGN_IDENTITY[sdk=iphoneos*]" = "iPhone Developer";
				COPY_PHASE_STRIP = NO;
				DEBUG_INFORMATION_FORMAT = dwarf;
				ENABLE_STRICT_OBJC_MSGSEND = YES;
				ENABLE_TESTABILITY = YES;
				GCC_C_LANGUAGE_STANDARD = gnu99;
				GCC_DYNAMIC_NO_PIC = NO;
				GCC_NO_COMMON_BLOCKS = YES;
				GCC_OPTIMIZATION_LEVEL = 0;
				GCC_PREPROCESSOR_DEFINITIONS = (
					"DEBUG=1",
					"$(inherited)",
				);
				GCC_WARN_64_TO_32_BIT_CONVERSION = YES;
				GCC_WARN_ABOUT_RETURN_TYPE = YES_ERROR;
				GCC_WARN_UNDECLARED_SELECTOR = YES;
				GCC_WARN_UNINITIALIZED_AUTOS = YES_AGGRESSIVE;
				GCC_WARN_UNUSED_FUNCTION = YES;
				GCC_WARN_UNUSED_VARIABLE = YES;
				IPHONEOS_DEPLOYMENT_TARGET = 10.0;
				MTL_ENABLE_DEBUG_INFO = YES;
				ONLY_ACTIVE_ARCH = YES;
				SDKROOT = iphoneos;
				SWIFT_ACTIVE_COMPILATION_CONDITIONS = DEBUG;
				SWIFT_OPTIMIZATION_LEVEL = "-Onone";
				TARGETED_DEVICE_FAMILY = "1,2";
			};
			name = Debug;
		};
		ACBDC1FC1DFF5A6D00D2C9F8 /* Release */ = {
			isa = XCBuildConfiguration;
			buildSettings = {
				ALWAYS_SEARCH_USER_PATHS = NO;
				CLANG_ANALYZER_NONNULL = YES;
				CLANG_CXX_LANGUAGE_STANDARD = "gnu++0x";
				CLANG_CXX_LIBRARY = "libc++";
				CLANG_ENABLE_MODULES = YES;
				CLANG_ENABLE_OBJC_ARC = YES;
				CLANG_WARN_BOOL_CONVERSION = YES;
				CLANG_WARN_CONSTANT_CONVERSION = YES;
				CLANG_WARN_DIRECT_OBJC_ISA_USAGE = YES_ERROR;
				CLANG_WARN_DOCUMENTATION_COMMENTS = YES;
				CLANG_WARN_EMPTY_BODY = YES;
				CLANG_WARN_ENUM_CONVERSION = YES;
				CLANG_WARN_INFINITE_RECURSION = YES;
				CLANG_WARN_INT_CONVERSION = YES;
				CLANG_WARN_OBJC_ROOT_CLASS = YES_ERROR;
				CLANG_WARN_SUSPICIOUS_MOVES = YES;
				CLANG_WARN_UNREACHABLE_CODE = YES;
				CLANG_WARN__DUPLICATE_METHOD_MATCH = YES;
				"CODE_SIGN_IDENTITY[sdk=iphoneos*]" = "iPhone Developer";
				COPY_PHASE_STRIP = NO;
				DEBUG_INFORMATION_FORMAT = "dwarf-with-dsym";
				ENABLE_NS_ASSERTIONS = NO;
				ENABLE_STRICT_OBJC_MSGSEND = YES;
				GCC_C_LANGUAGE_STANDARD = gnu99;
				GCC_NO_COMMON_BLOCKS = YES;
				GCC_WARN_64_TO_32_BIT_CONVERSION = YES;
				GCC_WARN_ABOUT_RETURN_TYPE = YES_ERROR;
				GCC_WARN_UNDECLARED_SELECTOR = YES;
				GCC_WARN_UNINITIALIZED_AUTOS = YES_AGGRESSIVE;
				GCC_WARN_UNUSED_FUNCTION = YES;
				GCC_WARN_UNUSED_VARIABLE = YES;
				IPHONEOS_DEPLOYMENT_TARGET = 10.0;
				MTL_ENABLE_DEBUG_INFO = NO;
				SDKROOT = iphoneos;
				SWIFT_OPTIMIZATION_LEVEL = "-Owholemodule";
				TARGETED_DEVICE_FAMILY = "1,2";
				VALIDATE_PRODUCT = YES;
			};
			name = Release;
		};
		ACBDC1FE1DFF5A6D00D2C9F8 /* Debug */ = {
			isa = XCBuildConfiguration;
			buildSettings = {
				ASSETCATALOG_COMPILER_APPICON_NAME = AppIcon;
				INFOPLIST_FILE = PuzzleImplementatiomn/Info.plist;
				LD_RUNPATH_SEARCH_PATHS = "$(inherited) @executable_path/Frameworks";
				PRODUCT_BUNDLE_IDENTIFIER = Game.PuzzleImplementatiomn;
				PRODUCT_NAME = "$(TARGET_NAME)";
				SWIFT_VERSION = 3.0;
			};
			name = Debug;
		};
		ACBDC1FF1DFF5A6D00D2C9F8 /* Release */ = {
			isa = XCBuildConfiguration;
			buildSettings = {
				ASSETCATALOG_COMPILER_APPICON_NAME = AppIcon;
				INFOPLIST_FILE = PuzzleImplementatiomn/Info.plist;
				LD_RUNPATH_SEARCH_PATHS = "$(inherited) @executable_path/Frameworks";
				PRODUCT_BUNDLE_IDENTIFIER = Game.PuzzleImplementatiomn;
				PRODUCT_NAME = "$(TARGET_NAME)";
				SWIFT_VERSION = 3.0;
			};
			name = Release;
		};
		ACBDC2011DFF5A6D00D2C9F8 /* Debug */ = {
			isa = XCBuildConfiguration;
			buildSettings = {
				ALWAYS_EMBED_SWIFT_STANDARD_LIBRARIES = YES;
				BUNDLE_LOADER = "$(TEST_HOST)";
				INFOPLIST_FILE = PuzzleImplementatiomnTests/Info.plist;
				LD_RUNPATH_SEARCH_PATHS = "$(inherited) @executable_path/Frameworks @loader_path/Frameworks";
				PRODUCT_BUNDLE_IDENTIFIER = Game.PuzzleImplementatiomnTests;
				PRODUCT_NAME = "$(TARGET_NAME)";
				SWIFT_VERSION = 3.0;
				TEST_HOST = "$(BUILT_PRODUCTS_DIR)/PuzzleImplementatiomn.app/PuzzleImplementatiomn";
			};
			name = Debug;
		};
		ACBDC2021DFF5A6D00D2C9F8 /* Release */ = {
			isa = XCBuildConfiguration;
			buildSettings = {
				ALWAYS_EMBED_SWIFT_STANDARD_LIBRARIES = YES;
				BUNDLE_LOADER = "$(TEST_HOST)";
				INFOPLIST_FILE = PuzzleImplementatiomnTests/Info.plist;
				LD_RUNPATH_SEARCH_PATHS = "$(inherited) @executable_path/Frameworks @loader_path/Frameworks";
				PRODUCT_BUNDLE_IDENTIFIER = Game.PuzzleImplementatiomnTests;
				PRODUCT_NAME = "$(TARGET_NAME)";
				SWIFT_VERSION = 3.0;
				TEST_HOST = "$(BUILT_PRODUCTS_DIR)/PuzzleImplementatiomn.app/PuzzleImplementatiomn";
			};
			name = Release;
		};
		ACBDC2041DFF5A6D00D2C9F8 /* Debug */ = {
			isa = XCBuildConfiguration;
			buildSettings = {
				ALWAYS_EMBED_SWIFT_STANDARD_LIBRARIES = YES;
				INFOPLIST_FILE = PuzzleImplementatiomnUITests/Info.plist;
				LD_RUNPATH_SEARCH_PATHS = "$(inherited) @executable_path/Frameworks @loader_path/Frameworks";
				PRODUCT_BUNDLE_IDENTIFIER = Game.PuzzleImplementatiomnUITests;
				PRODUCT_NAME = "$(TARGET_NAME)";
				SWIFT_VERSION = 3.0;
				TEST_TARGET_NAME = PuzzleImplementatiomn;
			};
			name = Debug;
		};
		ACBDC2051DFF5A6D00D2C9F8 /* Release */ = {
			isa = XCBuildConfiguration;
			buildSettings = {
				ALWAYS_EMBED_SWIFT_STANDARD_LIBRARIES = YES;
				INFOPLIST_FILE = PuzzleImplementatiomnUITests/Info.plist;
				LD_RUNPATH_SEARCH_PATHS = "$(inherited) @executable_path/Frameworks @loader_path/Frameworks";
				PRODUCT_BUNDLE_IDENTIFIER = Game.PuzzleImplementatiomnUITests;
				PRODUCT_NAME = "$(TARGET_NAME)";
				SWIFT_VERSION = 3.0;
				TEST_TARGET_NAME = PuzzleImplementatiomn;
			};
			name = Release;
		};
/* End XCBuildConfiguration section */

/* Begin XCConfigurationList section */
		ACBDC1D01DFF5A6D00D2C9F8 /* Build configuration list for PBXProject "PuzzleImplementatiomn" */ = {
			isa = XCConfigurationList;
			buildConfigurations = (
				ACBDC1FB1DFF5A6D00D2C9F8 /* Debug */,
				ACBDC1FC1DFF5A6D00D2C9F8 /* Release */,
			);
			defaultConfigurationIsVisible = 0;
			defaultConfigurationName = Release;
		};
		ACBDC1FD1DFF5A6D00D2C9F8 /* Build configuration list for PBXNativeTarget "PuzzleImplementatiomn" */ = {
			isa = XCConfigurationList;
			buildConfigurations = (
				ACBDC1FE1DFF5A6D00D2C9F8 /* Debug */,
				ACBDC1FF1DFF5A6D00D2C9F8 /* Release */,
			);
			defaultConfigurationIsVisible = 0;
		};
		ACBDC2001DFF5A6D00D2C9F8 /* Build configuration list for PBXNativeTarget "PuzzleImplementatiomnTests" */ = {
			isa = XCConfigurationList;
			buildConfigurations = (
				ACBDC2011DFF5A6D00D2C9F8 /* Debug */,
				ACBDC2021DFF5A6D00D2C9F8 /* Release */,
			);
			defaultConfigurationIsVisible = 0;
		};
		ACBDC2031DFF5A6D00D2C9F8 /* Build configuration list for PBXNativeTarget "PuzzleImplementatiomnUITests" */ = {
			isa = XCConfigurationList;
			buildConfigurations = (
				ACBDC2041DFF5A6D00D2C9F8 /* Debug */,
				ACBDC2051DFF5A6D00D2C9F8 /* Release */,
			);
			defaultConfigurationIsVisible = 0;
		};
/* End XCConfigurationList section */
	};
	rootObject = ACBDC1CD1DFF5A6D00D2C9F8 /* Project object */;
}
